// !$*UTF8*$!
{
	archiveVersion = 1;
	classes = {
	};
	objectVersion = 55;
	objects = {

/* Begin PBXBuildFile section */
		E38201F127EB1CB700A3F35D /* AppDelegate.swift in Sources */ = {isa = PBXBuildFile; fileRef = E38201F027EB1CB700A3F35D /* AppDelegate.swift */; };
		E38201F327EB1CB700A3F35D /* SceneDelegate.swift in Sources */ = {isa = PBXBuildFile; fileRef = E38201F227EB1CB700A3F35D /* SceneDelegate.swift */; };
		E38201F527EB1CB700A3F35D /* ViewController.swift in Sources */ = {isa = PBXBuildFile; fileRef = E38201F427EB1CB700A3F35D /* ViewController.swift */; };
		E38201F827EB1CB700A3F35D /* Main.storyboard in Resources */ = {isa = PBXBuildFile; fileRef = E38201F627EB1CB700A3F35D /* Main.storyboard */; };
		E38201FA27EB1CB900A3F35D /* Assets.xcassets in Resources */ = {isa = PBXBuildFile; fileRef = E38201F927EB1CB900A3F35D /* Assets.xcassets */; };
		E38201FD27EB1CB900A3F35D /* LaunchScreen.storyboard in Resources */ = {isa = PBXBuildFile; fileRef = E38201FB27EB1CB900A3F35D /* LaunchScreen.storyboard */; };
		E382020527EB2A0300A3F35D /* MyTableViewCell.swift in Sources */ = {isa = PBXBuildFile; fileRef = E382020427EB2A0300A3F35D /* MyTableViewCell.swift */; };
		E3E4FE7227F1BB1100A91A6F /* InputViewController.swift in Sources */ = {isa = PBXBuildFile; fileRef = E3E4FE7127F1BB1100A91A6F /* InputViewController.swift */; };
/* End PBXBuildFile section */

/* Begin PBXFileReference section */
		E38201ED27EB1CB700A3F35D /* testUITabelView.app */ = {isa = PBXFileReference; explicitFileType = wrapper.application; includeInIndex = 0; path = testUITabelView.app; sourceTree = BUILT_PRODUCTS_DIR; };
		E38201F027EB1CB700A3F35D /* AppDelegate.swift */ = {isa = PBXFileReference; lastKnownFileType = sourcecode.swift; path = AppDelegate.swift; sourceTree = "<group>"; };
		E38201F227EB1CB700A3F35D /* SceneDelegate.swift */ = {isa = PBXFileReference; lastKnownFileType = sourcecode.swift; path = SceneDelegate.swift; sourceTree = "<group>"; };
		E38201F427EB1CB700A3F35D /* ViewController.swift */ = {isa = PBXFileReference; lastKnownFileType = sourcecode.swift; path = ViewController.swift; sourceTree = "<group>"; };
		E38201F727EB1CB700A3F35D /* Base */ = {isa = PBXFileReference; lastKnownFileType = file.storyboard; name = Base; path = Base.lproj/Main.storyboard; sourceTree = "<group>"; };
		E38201F927EB1CB900A3F35D /* Assets.xcassets */ = {isa = PBXFileReference; lastKnownFileType = folder.assetcatalog; path = Assets.xcassets; sourceTree = "<group>"; };
		E38201FC27EB1CB900A3F35D /* Base */ = {isa = PBXFileReference; lastKnownFileType = file.storyboard; name = Base; path = Base.lproj/LaunchScreen.storyboard; sourceTree = "<group>"; };
		E38201FE27EB1CB900A3F35D /* Info.plist */ = {isa = PBXFileReference; lastKnownFileType = text.plist.xml; path = Info.plist; sourceTree = "<group>"; };
		E382020427EB2A0300A3F35D /* MyTableViewCell.swift */ = {isa = PBXFileReference; lastKnownFileType = sourcecode.swift; path = MyTableViewCell.swift; sourceTree = "<group>"; };
		E3E4FE7127F1BB1100A91A6F /* InputViewController.swift */ = {isa = PBXFileReference; lastKnownFileType = sourcecode.swift; path = InputViewController.swift; sourceTree = "<group>"; };
/* End PBXFileReference section */

/* Begin PBXFrameworksBuildPhase section */
		E38201EA27EB1CB700A3F35D /* Frameworks */ = {
			isa = PBXFrameworksBuildPhase;
			buildActionMask = 2147483647;
			files = (
			);
			runOnlyForDeploymentPostprocessing = 0;
		};
/* End PBXFrameworksBuildPhase section */

/* Begin PBXGroup section */
		E38201E427EB1CB700A3F35D = {
			isa = PBXGroup;
			children = (
				E38201EF27EB1CB700A3F35D /* UITabelView練習 */,
				E38201EE27EB1CB700A3F35D /* Products */,
			);
			sourceTree = "<group>";
		};
		E38201EE27EB1CB700A3F35D /* Products */ = {
			isa = PBXGroup;
			children = (
				E38201ED27EB1CB700A3F35D /* testUITabelView.app */,
			);
			name = Products;
			sourceTree = "<group>";
		};
		E38201EF27EB1CB700A3F35D /* UITabelView練習 */ = {
			isa = PBXGroup;
			children = (
				E38201F027EB1CB700A3F35D /* AppDelegate.swift */,
				E38201F227EB1CB700A3F35D /* SceneDelegate.swift */,
				E38201F427EB1CB700A3F35D /* ViewController.swift */,
				E38201F627EB1CB700A3F35D /* Main.storyboard */,
				E38201F927EB1CB900A3F35D /* Assets.xcassets */,
				E38201FB27EB1CB900A3F35D /* LaunchScreen.storyboard */,
				E38201FE27EB1CB900A3F35D /* Info.plist */,
				E382020427EB2A0300A3F35D /* MyTableViewCell.swift */,
				E3E4FE7127F1BB1100A91A6F /* InputViewController.swift */,
			);
			path = "UITabelView練習";
			sourceTree = "<group>";
		};
/* End PBXGroup section */

/* Begin PBXNativeTarget section */
		E38201EC27EB1CB700A3F35D /* testUITabelView */ = {
			isa = PBXNativeTarget;
			buildConfigurationList = E382020127EB1CB900A3F35D /* Build configuration list for PBXNativeTarget "testUITabelView" */;
			buildPhases = (
				E38201E927EB1CB700A3F35D /* Sources */,
				E38201EA27EB1CB700A3F35D /* Frameworks */,
				E38201EB27EB1CB700A3F35D /* Resources */,
			);
			buildRules = (
			);
			dependencies = (
			);
			name = testUITabelView;
			productName = "UITabelView練習";
			productReference = E38201ED27EB1CB700A3F35D /* testUITabelView.app */;
			productType = "com.apple.product-type.application";
		};
/* End PBXNativeTarget section */

/* Begin PBXProject section */
		E38201E527EB1CB700A3F35D /* Project object */ = {
			isa = PBXProject;
			attributes = {
				BuildIndependentTargetsInParallel = 1;
				LastSwiftUpdateCheck = 1330;
				LastUpgradeCheck = 1330;
				TargetAttributes = {
					E38201EC27EB1CB700A3F35D = {
						CreatedOnToolsVersion = 13.3;
					};
				};
			};
			buildConfigurationList = E38201E827EB1CB700A3F35D /* Build configuration list for PBXProject "testUITabelView" */;
			compatibilityVersion = "Xcode 13.0";
			developmentRegion = en;
			hasScannedForEncodings = 0;
			knownRegions = (
				en,
				Base,
			);
			mainGroup = E38201E427EB1CB700A3F35D;
			productRefGroup = E38201EE27EB1CB700A3F35D /* Products */;
			projectDirPath = "";
			projectRoot = "";
			targets = (
				E38201EC27EB1CB700A3F35D /* testUITabelView */,
			);
		};
/* End PBXProject section */

/* Begin PBXResourcesBuildPhase section */
		E38201EB27EB1CB700A3F35D /* Resources */ = {
			isa = PBXResourcesBuildPhase;
			buildActionMask = 2147483647;
			files = (
				E38201FD27EB1CB900A3F35D /* LaunchScreen.storyboard in Resources */,
				E38201FA27EB1CB900A3F35D /* Assets.xcassets in Resources */,
				E38201F827EB1CB700A3F35D /* Main.storyboard in Resources */,
			);
			runOnlyForDeploymentPostprocessing = 0;
		};
/* End PBXResourcesBuildPhase section */

/* Begin PBXSourcesBuildPhase section */
		E38201E927EB1CB700A3F35D /* Sources */ = {
			isa = PBXSourcesBuildPhase;
			buildActionMask = 2147483647;
			files = (
				E38201F527EB1CB700A3F35D /* ViewController.swift in Sources */,
				E3E4FE7227F1BB1100A91A6F /* InputViewController.swift in Sources */,
				E382020527EB2A0300A3F35D /* MyTableViewCell.swift in Sources */,
				E38201F127EB1CB700A3F35D /* AppDelegate.swift in Sources */,
				E38201F327EB1CB700A3F35D /* SceneDelegate.swift in Sources */,
			);
			runOnlyForDeploymentPostprocessing = 0;
		};
/* End PBXSourcesBuildPhase section */

/* Begin PBXVariantGroup section */
		E38201F627EB1CB700A3F35D /* Main.storyboard */ = {
			isa = PBXVariantGroup;
			children = (
				E38201F727EB1CB700A3F35D /* Base */,
			);
			name = Main.storyboard;
			sourceTree = "<group>";
		};
		E38201FB27EB1CB900A3F35D /* LaunchScreen.storyboard */ = {
			isa = PBXVariantGroup;
			children = (
				E38201FC27EB1CB900A3F35D /* Base */,
			);
			name = LaunchScreen.storyboard;
			sourceTree = "<group>";
		};
/* End PBXVariantGroup section */

/* Begin XCBuildConfiguration section */
		E38201FF27EB1CB900A3F35D /* Debug */ = {
			isa = XCBuildConfiguration;
			buildSettings = {
				ALWAYS_SEARCH_USER_PATHS = NO;
				CLANG_ANALYZER_NONNULL = YES;
				CLANG_ANALYZER_NUMBER_OBJECT_CONVERSION = YES_AGGRESSIVE;
				CLANG_CXX_LANGUAGE_STANDARD = "gnu++17";
				CLANG_ENABLE_MODULES = YES;
				CLANG_ENABLE_OBJC_ARC = YES;
				CLANG_ENABLE_OBJC_WEAK = YES;
				CLANG_WARN_BLOCK_CAPTURE_AUTORELEASING = YES;
				CLANG_WARN_BOOL_CONVERSION = YES;
				CLANG_WARN_COMMA = YES;
				CLANG_WARN_CONSTANT_CONVERSION = YES;
				CLANG_WARN_DEPRECATED_OBJC_IMPLEMENTATIONS = YES;
				CLANG_WARN_DIRECT_OBJC_ISA_USAGE = YES_ERROR;
				CLANG_WARN_DOCUMENTATION_COMMENTS = YES;
				CLANG_WARN_EMPTY_BODY = YES;
				CLANG_WARN_ENUM_CONVERSION = YES;
				CLANG_WARN_INFINITE_RECURSION = YES;
				CLANG_WARN_INT_CONVERSION = YES;
				CLANG_WARN_NON_LITERAL_NULL_CONVERSION = YES;
				CLANG_WARN_OBJC_IMPLICIT_RETAIN_SELF = YES;
				CLANG_WARN_OBJC_LITERAL_CONVERSION = YES;
				CLANG_WARN_OBJC_ROOT_CLASS = YES_ERROR;
				CLANG_WARN_QUOTED_INCLUDE_IN_FRAMEWORK_HEADER = YES;
				CLANG_WARN_RANGE_LOOP_ANALYSIS = YES;
				CLANG_WARN_STRICT_PROTOTYPES = YES;
				CLANG_WARN_SUSPICIOUS_MOVE = YES;
				CLANG_WARN_UNGUARDED_AVAILABILITY = YES_AGGRESSIVE;
				CLANG_WARN_UNREACHABLE_CODE = YES;
				CLANG_WARN__DUPLICATE_METHOD_MATCH = YES;
				COPY_PHASE_STRIP = NO;
				DEBUG_INFORMATION_FORMAT = dwarf;
				ENABLE_STRICT_OBJC_MSGSEND = YES;
				ENABLE_TESTABILITY = YES;
				GCC_C_LANGUAGE_STANDARD = gnu11;
				GCC_DYNAMIC_NO_PIC = NO;
				GCC_NO_COMMON_BLOCKS = YES;
				GCC_OPTIMIZATION_LEVEL = 0;
				GCC_PREPROCESSOR_DEFINITIONS = (
					"DEBUG=1",
					"$(inherited)",
				);
				GCC_WARN_64_TO_32_BIT_CONVERSION = YES;
				GCC_WARN_ABOUT_RETURN_TYPE = YES_ERROR;
				GCC_WARN_UNDECLARED_SELECTOR = YES;
				GCC_WARN_UNINITIALIZED_AUTOS = YES_AGGRESSIVE;
				GCC_WARN_UNUSED_FUNCTION = YES;
				GCC_WARN_UNUSED_VARIABLE = YES;
				IPHONEOS_DEPLOYMENT_TARGET = 15.4;
				MTL_ENABLE_DEBUG_INFO = INCLUDE_SOURCE;
				MTL_FAST_MATH = YES;
				ONLY_ACTIVE_ARCH = YES;
				SDKROOT = iphoneos;
				SWIFT_ACTIVE_COMPILATION_CONDITIONS = DEBUG;
				SWIFT_OPTIMIZATION_LEVEL = "-Onone";
			};
			name = Debug;
		};
		E382020027EB1CB900A3F35D /* Release */ = {
			isa = XCBuildConfiguration;
			buildSettings = {
				ALWAYS_SEARCH_USER_PATHS = NO;
				CLANG_ANALYZER_NONNULL = YES;
				CLANG_ANALYZER_NUMBER_OBJECT_CONVERSION = YES_AGGRESSIVE;
				CLANG_CXX_LANGUAGE_STANDARD = "gnu++17";
				CLANG_ENABLE_MODULES = YES;
				CLANG_ENABLE_OBJC_ARC = YES;
				CLANG_ENABLE_OBJC_WEAK = YES;
				CLANG_WARN_BLOCK_CAPTURE_AUTORELEASING = YES;
				CLANG_WARN_BOOL_CONVERSION = YES;
				CLANG_WARN_COMMA = YES;
				CLANG_WARN_CONSTANT_CONVERSION = YES;
				CLANG_WARN_DEPRECATED_OBJC_IMPLEMENTATIONS = YES;
				CLANG_WARN_DIRECT_OBJC_ISA_USAGE = YES_ERROR;
				CLANG_WARN_DOCUMENTATION_COMMENTS = YES;
				CLANG_WARN_EMPTY_BODY = YES;
				CLANG_WARN_ENUM_CONVERSION = YES;
				CLANG_WARN_INFINITE_RECURSION = YES;
				CLANG_WARN_INT_CONVERSION = YES;
				CLANG_WARN_NON_LITERAL_NULL_CONVERSION = YES;
				CLANG_WARN_OBJC_IMPLICIT_RETAIN_SELF = YES;
				CLANG_WARN_OBJC_LITERAL_CONVERSION = YES;
				CLANG_WARN_OBJC_ROOT_CLASS = YES_ERROR;
				CLANG_WARN_QUOTED_INCLUDE_IN_FRAMEWORK_HEADER = YES;
				CLANG_WARN_RANGE_LOOP_ANALYSIS = YES;
				CLANG_WARN_STRICT_PROTOTYPES = YES;
				CLANG_WARN_SUSPICIOUS_MOVE = YES;
				CLANG_WARN_UNGUARDED_AVAILABILITY = YES_AGGRESSIVE;
				CLANG_WARN_UNREACHABLE_CODE = YES;
				CLANG_WARN__DUPLICATE_METHOD_MATCH = YES;
				COPY_PHASE_STRIP = NO;
				DEBUG_INFORMATION_FORMAT = "dwarf-with-dsym";
				ENABLE_NS_ASSERTIONS = NO;
				ENABLE_STRICT_OBJC_MSGSEND = YES;
				GCC_C_LANGUAGE_STANDARD = gnu11;
				GCC_NO_COMMON_BLOCKS = YES;
				GCC_WARN_64_TO_32_BIT_CONVERSION = YES;
				GCC_WARN_ABOUT_RETURN_TYPE = YES_ERROR;
				GCC_WARN_UNDECLARED_SELECTOR = YES;
				GCC_WARN_UNINITIALIZED_AUTOS = YES_AGGRESSIVE;
				GCC_WARN_UNUSED_FUNCTION = YES;
				GCC_WARN_UNUSED_VARIABLE = YES;
				IPHONEOS_DEPLOYMENT_TARGET = 15.4;
				MTL_ENABLE_DEBUG_INFO = NO;
				MTL_FAST_MATH = YES;
				SDKROOT = iphoneos;
				SWIFT_COMPILATION_MODE = wholemodule;
				SWIFT_OPTIMIZATION_LEVEL = "-O";
				VALIDATE_PRODUCT = YES;
			};
			name = Release;
		};
		E382020227EB1CB900A3F35D /* Debug */ = {
			isa = XCBuildConfiguration;
			buildSettings = {
				ASSETCATALOG_COMPILER_APPICON_NAME = AppIcon;
				ASSETCATALOG_COMPILER_GLOBAL_ACCENT_COLOR_NAME = AccentColor;
				CODE_SIGN_STYLE = Automatic;
				CURRENT_PROJECT_VERSION = 1;
				DEVELOPMENT_TEAM = 8V7SZ2P38T;
				GENERATE_INFOPLIST_FILE = YES;
				INFOPLIST_FILE = "UITabelView練習/Info.plist";
				INFOPLIST_KEY_UIApplicationSupportsIndirectInputEvents = YES;
				INFOPLIST_KEY_UILaunchStoryboardName = LaunchScreen;
				INFOPLIST_KEY_UIMainStoryboardFile = Main;
				INFOPLIST_KEY_UISupportedInterfaceOrientations_iPad = "UIInterfaceOrientationPortrait UIInterfaceOrientationPortraitUpsideDown UIInterfaceOrientationLandscapeLeft UIInterfaceOrientationLandscapeRight";
				INFOPLIST_KEY_UISupportedInterfaceOrientations_iPhone = "UIInterfaceOrientationPortrait UIInterfaceOrientationLandscapeLeft UIInterfaceOrientationLandscapeRight";
				LD_RUNPATH_SEARCH_PATHS = (
					"$(inherited)",
					"@executable_path/Frameworks",
				);
				MARKETING_VERSION = 1.0;
				PRODUCT_BUNDLE_IDENTIFIER = idv.sjw.testUITabelView;
				PRODUCT_NAME = "$(TARGET_NAME)";
				SWIFT_EMIT_LOC_STRINGS = YES;
				SWIFT_VERSION = 5.0;
				TARGETED_DEVICE_FAMILY = "1,2";
			};
			name = Debug;
		};
		E382020327EB1CB900A3F35D /* Release */ = {
			isa = XCBuildConfiguration;
			buildSettings = {
				ASSETCATALOG_COMPILER_APPICON_NAME = AppIcon;
				ASSETCATALOG_COMPILER_GLOBAL_ACCENT_COLOR_NAME = AccentColor;
				CODE_SIGN_STYLE = Automatic;
				CURRENT_PROJECT_VERSION = 1;
				DEVELOPMENT_TEAM = 8V7SZ2P38T;
				GENERATE_INFOPLIST_FILE = YES;
				INFOPLIST_FILE = "UITabelView練習/Info.plist";
				INFOPLIST_KEY_UIApplicationSupportsIndirectInputEvents = YES;
				INFOPLIST_KEY_UILaunchStoryboardName = LaunchScreen;
				INFOPLIST_KEY_UIMainStoryboardFile = Main;
				INFOPLIST_KEY_UISupportedInterfaceOrientations_iPad = "UIInterfaceOrientationPortrait UIInterfaceOrientationPortraitUpsideDown UIInterfaceOrientationLandscapeLeft UIInterfaceOrientationLandscapeRight";
				INFOPLIST_KEY_UISupportedInterfaceOrientations_iPhone = "UIInterfaceOrientationPortrait UIInterfaceOrientationLandscapeLeft UIInterfaceOrientationLandscapeRight";
				LD_RUNPATH_SEARCH_PATHS = (
					"$(inherited)",
					"@executable_path/Frameworks",
				);
				MARKETING_VERSION = 1.0;
				PRODUCT_BUNDLE_IDENTIFIER = idv.sjw.testUITabelView;
				PRODUCT_NAME = "$(TARGET_NAME)";
				SWIFT_EMIT_LOC_STRINGS = YES;
				SWIFT_VERSION = 5.0;
				TARGETED_DEVICE_FAMILY = "1,2";
			};
			name = Release;
		};
/* End XCBuildConfiguration section */

/* Begin XCConfigurationList section */
		E38201E827EB1CB700A3F35D /* Build configuration list for PBXProject "testUITabelView" */ = {
			isa = XCConfigurationList;
			buildConfigurations = (
				E38201FF27EB1CB900A3F35D /* Debug */,
				E382020027EB1CB900A3F35D /* Release */,
			);
			defaultConfigurationIsVisible = 0;
			defaultConfigurationName = Release;
		};
		E382020127EB1CB900A3F35D /* Build configuration list for PBXNativeTarget "testUITabelView" */ = {
			isa = XCConfigurationList;
			buildConfigurations = (
				E382020227EB1CB900A3F35D /* Debug */,
				E382020327EB1CB900A3F35D /* Release */,
			);
			defaultConfigurationIsVisible = 0;
			defaultConfigurationName = Release;
		};
/* End XCConfigurationList section */
	};
	rootObject = E38201E527EB1CB700A3F35D /* Project object */;
}
